// !$*UTF8*$!
{
	archiveVersion = 1;
	classes = {
	};
	objectVersion = 56;
	objects = {

/* Begin PBXBuildFile section */
		AA000001000000000000114 /* ActionRunEvidence.swift in Sources */ = {isa = PBXBuildFile; fileRef = AA000002000000000000114 /* ActionRunEvidence.swift */; };
		B7A500010000000000000001 /* ComputerUseRunRegistry.swift in Sources */ = {isa = PBXBuildFile; fileRef = B7A500020000000000000001 /* ComputerUseRunRegistry.swift */; };
		AA000001000000000000113 /* EmailDraftCoordinator.swift in Sources */ = {isa = PBXBuildFile; fileRef = AA000002000000000000113 /* EmailDraftCoordinator.swift */; };
		AA000001000000000000112 /* EmailDrafting.swift in Sources */ = {isa = PBXBuildFile; fileRef = AA000002000000000000112 /* EmailDrafting.swift */; };
		AA000001000000000000111 /* EmailDraftIntent.swift in Sources */ = {isa = PBXBuildFile; fileRef = AA000002000000000000111 /* EmailDraftIntent.swift */; };
		AA000001000000000000110 /* MailComposeReader.swift in Sources */ = {isa = PBXBuildFile; fileRef = AA000002000000000000110 /* MailComposeReader.swift */; };
		AA000001000000000000109 /* EmailComposeSnapshot.swift in Sources */ = {isa = PBXBuildFile; fileRef = AA000002000000000000109 /* EmailComposeSnapshot.swift */; };
		AA000001000000000000108 /* WorkActivity.swift in Sources */ = {isa = PBXBuildFile; fileRef = AA000002000000000000108 /* WorkActivity.swift */; };
		AA000001000000000000107 /* GuidedDemoWindow.swift in Sources */ = {isa = PBXBuildFile; fileRef = AA000002000000000000107 /* GuidedDemoWindow.swift */; };
		B7A500010000000000000F01 /* LaunchIntroView.swift in Sources */ = {isa = PBXBuildFile; fileRef = B7A500020000000000000F01 /* LaunchIntroView.swift */; };
		B7A500010000000000000F02 /* holmes-launch-intro.mov in Resources */ = {isa = PBXBuildFile; fileRef = B7A500020000000000000F02 /* holmes-launch-intro.mov */; };
		AA000001000000000000106 /* GuidedDemoView.swift in Sources */ = {isa = PBXBuildFile; fileRef = AA000002000000000000106 /* GuidedDemoView.swift */; };
		AA000001000000000000105 /* GuidedDemo.swift in Sources */ = {isa = PBXBuildFile; fileRef = AA000002000000000000105 /* GuidedDemo.swift */; };
		AA000001000000000000104 /* AppLaunchIntent.swift in Sources */ = {isa = PBXBuildFile; fileRef = AA000002000000000000104 /* AppLaunchIntent.swift */; };
		AA000001000000000000103 /* AppLauncher.swift in Sources */ = {isa = PBXBuildFile; fileRef = AA000002000000000000103 /* AppLauncher.swift */; };
		AA000001000000000000097 /* ExtensionInstaller.swift in Sources */ = {isa = PBXBuildFile; fileRef = AA000002000000000000097 /* ExtensionInstaller.swift */; };
		AA000001000000000000098 /* MCPConfigWriter.swift in Sources */ = {isa = PBXBuildFile; fileRef = AA000002000000000000098 /* MCPConfigWriter.swift */; };
		AA000001000000000000099 /* BrowserExtensionScreen.swift in Sources */ = {isa = PBXBuildFile; fileRef = AA000002000000000000099 /* BrowserExtensionScreen.swift */; };
		AA000001000000000000100 /* IntegrationsScreen.swift in Sources */ = {isa = PBXBuildFile; fileRef = AA000002000000000000100 /* IntegrationsScreen.swift */; };
		AA000001000000000000101 /* holmes-extension in Resources */ = {isa = PBXBuildFile; fileRef = AA000002000000000000101 /* holmes-extension */; };
		AA000001000000000000102 /* Fonts in Resources */ = {isa = PBXBuildFile; fileRef = AA000002000000000000102 /* Fonts */; };
		AA000001000000000000001 /* holmesApp.swift in Sources */ = {isa = PBXBuildFile; fileRef = AA000002000000000000001 /* holmesApp.swift */; };
		AA000001000000000000002 /* AppDelegate.swift in Sources */ = {isa = PBXBuildFile; fileRef = AA000002000000000000002 /* AppDelegate.swift */; };
		AA000001000000000000003 /* Permissions.swift in Sources */ = {isa = PBXBuildFile; fileRef = AA000002000000000000003 /* Permissions.swift */; };
		AA000001000000000000004 /* NoirColors.swift in Sources */ = {isa = PBXBuildFile; fileRef = AA000002000000000000004 /* NoirColors.swift */; };
		AA000001000000000000005 /* NoirFonts.swift in Sources */ = {isa = PBXBuildFile; fileRef = AA000002000000000000005 /* NoirFonts.swift */; };
		AA000001000000000000006 /* AnimationCurves.swift in Sources */ = {isa = PBXBuildFile; fileRef = AA000002000000000000006 /* AnimationCurves.swift */; };
		AA000001000000000000007 /* GlassCard.swift in Sources */ = {isa = PBXBuildFile; fileRef = AA000002000000000000007 /* GlassCard.swift */; };
		AA000001000000000000008 /* GrainOverlay.swift in Sources */ = {isa = PBXBuildFile; fileRef = AA000002000000000000008 /* GrainOverlay.swift */; };
		AA000001000000000000009 /* NoirButton.swift in Sources */ = {isa = PBXBuildFile; fileRef = AA000002000000000000009 /* NoirButton.swift */; };
		AA000001000000000000010 /* NoirTextField.swift in Sources */ = {isa = PBXBuildFile; fileRef = AA000002000000000000010 /* NoirTextField.swift */; };
		AA000001000000000000011 /* OnboardingFlow.swift in Sources */ = {isa = PBXBuildFile; fileRef = AA000002000000000000011 /* OnboardingFlow.swift */; };
		AA000001000000000000012 /* OnboardingViewModel.swift in Sources */ = {isa = PBXBuildFile; fileRef = AA000002000000000000012 /* OnboardingViewModel.swift */; };
		AA000001000000000000013 /* WelcomeScreen.swift in Sources */ = {isa = PBXBuildFile; fileRef = AA000002000000000000013 /* WelcomeScreen.swift */; };
		AA000001000000000000014 /* HowItWorksScreen.swift in Sources */ = {isa = PBXBuildFile; fileRef = AA000002000000000000014 /* HowItWorksScreen.swift */; };
		AA000001000000000000015 /* PermissionsScreen.swift in Sources */ = {isa = PBXBuildFile; fileRef = AA000002000000000000015 /* PermissionsScreen.swift */; };
		AA000001000000000000016 /* ReadyScreen.swift in Sources */ = {isa = PBXBuildFile; fileRef = AA000002000000000000016 /* ReadyScreen.swift */; };
		AA000001000000000000017 /* SearchBarView.swift in Sources */ = {isa = PBXBuildFile; fileRef = AA000002000000000000017 /* SearchBarView.swift */; };
		AA000001000000000000018 /* SearchBarWindow.swift in Sources */ = {isa = PBXBuildFile; fileRef = AA000002000000000000018 /* SearchBarWindow.swift */; };
		AA000001000000000000019 /* SearchViewModel.swift in Sources */ = {isa = PBXBuildFile; fileRef = AA000002000000000000019 /* SearchViewModel.swift */; };
		AA00000100000000000001A /* CommandViewModel.swift in Sources */ = {isa = PBXBuildFile; fileRef = AA00000200000000000001A /* CommandViewModel.swift */; };
		AA000001000000000000020 /* VoiceInputView.swift in Sources */ = {isa = PBXBuildFile; fileRef = AA000002000000000000020 /* VoiceInputView.swift */; };
		AA000001000000000000021 /* SideIconView.swift in Sources */ = {isa = PBXBuildFile; fileRef = AA000002000000000000021 /* SideIconView.swift */; };
		AA000001000000000000022 /* SideIconWindow.swift in Sources */ = {isa = PBXBuildFile; fileRef = AA000002000000000000022 /* SideIconWindow.swift */; };
		AA000001000000000000023 /* MainPanelView.swift in Sources */ = {isa = PBXBuildFile; fileRef = AA000002000000000000023 /* MainPanelView.swift */; };
		AA000001000000000000024 /* MainPanelWindow.swift in Sources */ = {isa = PBXBuildFile; fileRef = AA000002000000000000024 /* MainPanelWindow.swift */; };
		AA000001000000000000025 /* ContextCard.swift in Sources */ = {isa = PBXBuildFile; fileRef = AA000002000000000000025 /* ContextCard.swift */; };
		AA000001000000000000026 /* ActionSuggestions.swift in Sources */ = {isa = PBXBuildFile; fileRef = AA000002000000000000026 /* ActionSuggestions.swift */; };
		AA000001000000000000027 /* ActivityLog.swift in Sources */ = {isa = PBXBuildFile; fileRef = AA000002000000000000027 /* ActivityLog.swift */; };
		AA000001000000000000028 /* NotchView.swift in Sources */ = {isa = PBXBuildFile; fileRef = AA000002000000000000028 /* NotchView.swift */; };
		AA000001000000000000029 /* NotchWindow.swift in Sources */ = {isa = PBXBuildFile; fileRef = AA000002000000000000029 /* NotchWindow.swift */; };
		AA000001000000000000030 /* NotchDetector.swift in Sources */ = {isa = PBXBuildFile; fileRef = AA000002000000000000030 /* NotchDetector.swift */; };
		AA000001000000000000031 /* NotchViewModel.swift in Sources */ = {isa = PBXBuildFile; fileRef = AA000002000000000000031 /* NotchViewModel.swift */; };
		AA000001000000000000032 /* HotkeyManager.swift in Sources */ = {isa = PBXBuildFile; fileRef = AA000002000000000000032 /* HotkeyManager.swift */; };
		AA000001000000000000033 /* MenuBarManager.swift in Sources */ = {isa = PBXBuildFile; fileRef = AA000002000000000000033 /* MenuBarManager.swift */; };
		AA000001000000000000034 /* Assets.xcassets in Resources */ = {isa = PBXBuildFile; fileRef = AA000002000000000000034 /* Assets.xcassets */; };
		AA000001000000000000037 /* LottieView.swift in Sources */ = {isa = PBXBuildFile; fileRef = AA000002000000000000039 /* LottieView.swift */; };
		AA000001000000000000038 /* noireye.json in Resources */ = {isa = PBXBuildFile; fileRef = AA000002000000000000040 /* noireye.json */; };
		AA000001000000000000039 /* Lottie in Frameworks */ = {isa = PBXBuildFile; productRef = AA00000A000000000000001 /* Lottie */; };
		AA000001000000000000042 /* KeychainManager.swift in Sources */ = {isa = PBXBuildFile; fileRef = AA000002000000000000042 /* KeychainManager.swift */; };
		AA000001000000000000046 /* NoirCharacterView.swift in Sources */ = {isa = PBXBuildFile; fileRef = AA000002000000000000046 /* NoirCharacterView.swift */; };
		AA000001000000000000050 /* ScreenEngine.swift in Sources */ = {isa = PBXBuildFile; fileRef = AA000002000000000000050 /* ScreenEngine.swift */; };
		AA000001000000000000051 /* OCREngine.swift in Sources */ = {isa = PBXBuildFile; fileRef = AA000002000000000000051 /* OCREngine.swift */; };
		AA000001000000000000052 /* ContextEngine.swift in Sources */ = {isa = PBXBuildFile; fileRef = AA000002000000000000052 /* ContextEngine.swift */; };
		AA000001000000000000054 /* HolmesAgent.swift in Sources */ = {isa = PBXBuildFile; fileRef = AA000002000000000000054 /* HolmesAgent.swift */; };
		AA000001000000000000055 /* CommandBus.swift in Sources */ = {isa = PBXBuildFile; fileRef = AA000002000000000000055 /* CommandBus.swift */; };
		AA000001000000000000059 /* BrowserBridge.swift in Sources */ = {isa = PBXBuildFile; fileRef = AA000002000000000000059 /* BrowserBridge.swift */; };
		AA000001000000000000056 /* ActionExecutor.swift in Sources */ = {isa = PBXBuildFile; fileRef = AA000002000000000000056 /* ActionExecutor.swift */; };
		AA000001000000000000060 /* CalendarEngine.swift in Sources */ = {isa = PBXBuildFile; fileRef = AA000002000000000000060 /* CalendarEngine.swift */; };
		AA000001000000000000061 /* MeetingJoinEngine.swift in Sources */ = {isa = PBXBuildFile; fileRef = AA000002000000000000061 /* MeetingJoinEngine.swift */; };
		AA000001000000000000057 /* ConfirmationView.swift in Sources */ = {isa = PBXBuildFile; fileRef = AA000002000000000000057 /* ConfirmationView.swift */; };
		AA000001000000000000058 /* ConfirmationWindowController.swift in Sources */ = {isa = PBXBuildFile; fileRef = AA000002000000000000058 /* ConfirmationWindowController.swift */; };
		AA000001000000000000070 /* OllamaConfig.swift in Sources */ = {isa = PBXBuildFile; fileRef = AA000002000000000000070 /* OllamaConfig.swift */; };
		AA000001000000000000071 /* OllamaClient.swift in Sources */ = {isa = PBXBuildFile; fileRef = AA000002000000000000071 /* OllamaClient.swift */; };
		AA000001000000000000072 /* MCPModels.swift in Sources */ = {isa = PBXBuildFile; fileRef = AA000002000000000000072 /* MCPModels.swift */; };
		AA000001000000000000073 /* MCPClient.swift in Sources */ = {isa = PBXBuildFile; fileRef = AA000002000000000000073 /* MCPClient.swift */; };
		AA000001000000000000074 /* HolmesBrain.swift in Sources */ = {isa = PBXBuildFile; fileRef = AA000002000000000000074 /* HolmesBrain.swift */; };
		AA000001000000000000090 /* MemoryStore.swift in Sources */ = {isa = PBXBuildFile; fileRef = AA000002000000000000090 /* MemoryStore.swift */; };
		AA000001000000000000075 /* MCPServer.swift in Sources */ = {isa = PBXBuildFile; fileRef = AA000002000000000000075 /* MCPServer.swift */; };
		AA000001000000000000076 /* PlaybookModels.swift in Sources */ = {isa = PBXBuildFile; fileRef = AA000002000000000000076 /* PlaybookModels.swift */; };
		AA000001000000000000077 /* PlaybookEngine.swift in Sources */ = {isa = PBXBuildFile; fileRef = AA000002000000000000077 /* PlaybookEngine.swift */; };
		AA000001000000000000078 /* DefaultPlaybooks.swift in Sources */ = {isa = PBXBuildFile; fileRef = AA000002000000000000078 /* DefaultPlaybooks.swift */; };
		AA000001000000000000096 /* PlaybookManifest.swift in Sources */ = {isa = PBXBuildFile; fileRef = AA000002000000000000096 /* PlaybookManifest.swift */; };
		AA000001000000000000079 /* ScreenGlow.swift in Sources */ = {isa = PBXBuildFile; fileRef = AA000002000000000000079 /* ScreenGlow.swift */; };
		AA000001000000000000080 /* TriggerBrain.swift in Sources */ = {isa = PBXBuildFile; fileRef = AA000002000000000000080 /* TriggerBrain.swift */; };
		AA000001000000000000081 /* Autopilot.swift in Sources */ = {isa = PBXBuildFile; fileRef = AA000002000000000000081 /* Autopilot.swift */; };
		AA000001000000000000082 /* SettingsWindow.swift in Sources */ = {isa = PBXBuildFile; fileRef = AA000002000000000000082 /* SettingsWindow.swift */; };
		AA000001000000000000091 /* LiveContext.swift in Sources */ = {isa = PBXBuildFile; fileRef = AA000002000000000000091 /* LiveContext.swift */; };
		AA000001000000000000092 /* MemoryFeed.swift in Sources */ = {isa = PBXBuildFile; fileRef = AA000002000000000000092 /* MemoryFeed.swift */; };
		AA000001000000000000093 /* ReplyComposer.swift in Sources */ = {isa = PBXBuildFile; fileRef = AA000002000000000000093 /* ReplyComposer.swift */; };
		AA000001000000000000094 /* MessagesReader.swift in Sources */ = {isa = PBXBuildFile; fileRef = AA000002000000000000094 /* MessagesReader.swift */; };
		AA000001000000000000095 /* AgentMemoryCard.swift in Sources */ = {isa = PBXBuildFile; fileRef = AA000002000000000000095 /* AgentMemoryCard.swift */; };
		7A1C0E2B4D6F8A0B1C2D3E01 /* TopicExtractor.swift in Sources */ = {isa = PBXBuildFile; fileRef = 7A1C0E2B4D6F8A0B1C2D3E02 /* TopicExtractor.swift */; };
		B7C4A1E20F3D48A9C6510001 /* ReplyReadyCard.swift in Sources */ = {isa = PBXBuildFile; fileRef = B7C4A1E20F3D48A9C6510002 /* ReplyReadyCard.swift */; };
		B7C4A1E20F3D48A9C6510003 /* RecallSpotlight.swift in Sources */ = {isa = PBXBuildFile; fileRef = B7C4A1E20F3D48A9C6510004 /* RecallSpotlight.swift */; };
		9E4B7D1A3C5F620814A9B001 /* IncomingMessageWatcher.swift in Sources */ = {isa = PBXBuildFile; fileRef = 9E4B7D1A3C5F620814A9B002 /* IncomingMessageWatcher.swift */; };
		D1E2F3A4B5C6070819203A01 /* InputController.swift in Sources */ = {isa = PBXBuildFile; fileRef = D1E2F3A4B5C6070819203A02 /* InputController.swift */; };
		D1E2F3A4B5C6070819203A03 /* WindowCapture.swift in Sources */ = {isa = PBXBuildFile; fileRef = D1E2F3A4B5C6070819203A04 /* WindowCapture.swift */; };
		D1E2F3A4B5C6070819203A05 /* ComputerUseEngine.swift in Sources */ = {isa = PBXBuildFile; fileRef = D1E2F3A4B5C6070819203A06 /* ComputerUseEngine.swift */; };
		AB70C0DE00000000000AB001 /* AutonomyGate.swift in Sources */ = {isa = PBXBuildFile; fileRef = AB70C0DE00000000000AB002 /* AutonomyGate.swift */; };
		F624BB3FBB5DE251837120A6 /* VoiceInputController.swift in Sources */ = {isa = PBXBuildFile; fileRef = 22FC20406E7D961CCC1B74E2 /* VoiceInputController.swift */; };
		6F81326AD8F268C4DF49B1BC /* SpeechSynthesizer.swift in Sources */ = {isa = PBXBuildFile; fileRef = F00A38CDE6D9038399F26A34 /* SpeechSynthesizer.swift */; };
		C02CD9D6E3F027A6503CA53B /* VisualGuidance.swift in Sources */ = {isa = PBXBuildFile; fileRef = 02221846BC5318CA4B553864 /* VisualGuidance.swift */; };
		BA002EEEBDA29969D80E5483 /* ClickyController.swift in Sources */ = {isa = PBXBuildFile; fileRef = 03249617EF7CAF916D111C59 /* ClickyController.swift */; };
		4D553EF1410B6B87E1E2DBA6 /* VisualGuidanceOverlay.swift in Sources */ = {isa = PBXBuildFile; fileRef = 577967ACE2410DAC01F7A75D /* VisualGuidanceOverlay.swift */; };
		E5B8D3C1A47F92E060314A01 /* ActionPlanner.swift in Sources */ = {isa = PBXBuildFile; fileRef = E5B8D3C1A47F92E060314A02 /* ActionPlanner.swift */; };
		E5B8D3C1A47F92E060314A06 /* AutonomousActionRunner.swift in Sources */ = {isa = PBXBuildFile; fileRef = E5B8D3C1A47F92E060314A07 /* AutonomousActionRunner.swift */; };
		C0DE0A0100000000000AC001 /* AutonomyPolicy.swift in Sources */ = {isa = PBXBuildFile; fileRef = C0DE0A0200000000000AC002 /* AutonomyPolicy.swift */; };
		C4B10A7E5D2F49C3B8E60001 /* BackendRouter.swift in Sources */ = {isa = PBXBuildFile; fileRef = C4B10A7E5D2F49C3B8E60002 /* BackendRouter.swift */; };
		0C11A0AA000000000000E001 /* OllamaServer.swift in Sources */ = {isa = PBXBuildFile; fileRef = 0C11A0AA000000000000E002 /* OllamaServer.swift */; };
		0C11A0AA000000000000E003 /* LocalModelSettingsView.swift in Sources */ = {isa = PBXBuildFile; fileRef = 0C11A0AA000000000000E004 /* LocalModelSettingsView.swift */; };
/* End PBXBuildFile section */

/* Begin PBXFileReference section */
		AA000002000000000000114 /* ActionRunEvidence.swift */ = {isa = PBXFileReference; lastKnownFileType = sourcecode.swift; path = ActionRunEvidence.swift; sourceTree = "<group>"; };
		B7A500020000000000000001 /* ComputerUseRunRegistry.swift */ = {isa = PBXFileReference; lastKnownFileType = sourcecode.swift; path = ComputerUseRunRegistry.swift; sourceTree = "<group>"; };
		AA000002000000000000113 /* EmailDraftCoordinator.swift */ = {isa = PBXFileReference; lastKnownFileType = sourcecode.swift; path = EmailDraftCoordinator.swift; sourceTree = "<group>"; };
		AA000002000000000000112 /* EmailDrafting.swift */ = {isa = PBXFileReference; lastKnownFileType = sourcecode.swift; path = EmailDrafting.swift; sourceTree = "<group>"; };
		AA000002000000000000111 /* EmailDraftIntent.swift */ = {isa = PBXFileReference; lastKnownFileType = sourcecode.swift; path = EmailDraftIntent.swift; sourceTree = "<group>"; };
		AA000002000000000000110 /* MailComposeReader.swift */ = {isa = PBXFileReference; lastKnownFileType = sourcecode.swift; path = MailComposeReader.swift; sourceTree = "<group>"; };
		AA000002000000000000109 /* EmailComposeSnapshot.swift */ = {isa = PBXFileReference; lastKnownFileType = sourcecode.swift; path = EmailComposeSnapshot.swift; sourceTree = "<group>"; };
		AA000002000000000000108 /* WorkActivity.swift */ = {isa = PBXFileReference; lastKnownFileType = sourcecode.swift; path = WorkActivity.swift; sourceTree = "<group>"; };
		AA000002000000000000107 /* GuidedDemoWindow.swift */ = {isa = PBXFileReference; lastKnownFileType = sourcecode.swift; path = GuidedDemoWindow.swift; sourceTree = "<group>"; };
		B7A500020000000000000F01 /* LaunchIntroView.swift */ = {isa = PBXFileReference; lastKnownFileType = sourcecode.swift; path = LaunchIntroView.swift; sourceTree = "<group>"; };
		B7A500020000000000000F02 /* holmes-launch-intro.mov */ = {isa = PBXFileReference; lastKnownFileType = video.quicktime; path = "holmes-launch-intro.mov"; sourceTree = "<group>"; };
		AA000002000000000000106 /* GuidedDemoView.swift */ = {isa = PBXFileReference; lastKnownFileType = sourcecode.swift; path = GuidedDemoView.swift; sourceTree = "<group>"; };
		AA000002000000000000105 /* GuidedDemo.swift */ = {isa = PBXFileReference; lastKnownFileType = sourcecode.swift; path = GuidedDemo.swift; sourceTree = "<group>"; };
		AA000002000000000000104 /* AppLaunchIntent.swift */ = {isa = PBXFileReference; lastKnownFileType = sourcecode.swift; path = AppLaunchIntent.swift; sourceTree = "<group>"; };
		AA000002000000000000103 /* AppLauncher.swift */ = {isa = PBXFileReference; lastKnownFileType = sourcecode.swift; path = AppLauncher.swift; sourceTree = "<group>"; };
		AA000002000000000000097 /* ExtensionInstaller.swift */ = {isa = PBXFileReference; lastKnownFileType = sourcecode.swift; path = ExtensionInstaller.swift; sourceTree = "<group>"; };
		AA000002000000000000098 /* MCPConfigWriter.swift */ = {isa = PBXFileReference; lastKnownFileType = sourcecode.swift; path = MCPConfigWriter.swift; sourceTree = "<group>"; };
		AA000002000000000000099 /* BrowserExtensionScreen.swift */ = {isa = PBXFileReference; lastKnownFileType = sourcecode.swift; path = BrowserExtensionScreen.swift; sourceTree = "<group>"; };
		AA000002000000000000100 /* IntegrationsScreen.swift */ = {isa = PBXFileReference; lastKnownFileType = sourcecode.swift; path = IntegrationsScreen.swift; sourceTree = "<group>"; };
		AA000002000000000000101 /* holmes-extension */ = {isa = PBXFileReference; lastKnownFileType = folder; name = "holmes-extension"; path = "holmes-extension"; sourceTree = SOURCE_ROOT; };
		AA000002000000000000102 /* Fonts */ = {isa = PBXFileReference; lastKnownFileType = folder; path = Fonts; sourceTree = "<group>"; };
		AA000002000000000000001 /* holmesApp.swift */ = {isa = PBXFileReference; lastKnownFileType = sourcecode.swift; path = holmesApp.swift; sourceTree = "<group>"; };
		AA000002000000000000002 /* AppDelegate.swift */ = {isa = PBXFileReference; lastKnownFileType = sourcecode.swift; path = AppDelegate.swift; sourceTree = "<group>"; };
		AA000002000000000000003 /* Permissions.swift */ = {isa = PBXFileReference; lastKnownFileType = sourcecode.swift; path = Permissions.swift; sourceTree = "<group>"; };
		AA000002000000000000004 /* NoirColors.swift */ = {isa = PBXFileReference; lastKnownFileType = sourcecode.swift; path = NoirColors.swift; sourceTree = "<group>"; };
		AA000002000000000000005 /* NoirFonts.swift */ = {isa = PBXFileReference; lastKnownFileType = sourcecode.swift; path = NoirFonts.swift; sourceTree = "<group>"; };
		AA000002000000000000006 /* AnimationCurves.swift */ = {isa = PBXFileReference; lastKnownFileType = sourcecode.swift; path = AnimationCurves.swift; sourceTree = "<group>"; };
		AA000002000000000000007 /* GlassCard.swift */ = {isa = PBXFileReference; lastKnownFileType = sourcecode.swift; path = GlassCard.swift; sourceTree = "<group>"; };
		AA000002000000000000008 /* GrainOverlay.swift */ = {isa = PBXFileReference; lastKnownFileType = sourcecode.swift; path = GrainOverlay.swift; sourceTree = "<group>"; };
		AA000002000000000000009 /* NoirButton.swift */ = {isa = PBXFileReference; lastKnownFileType = sourcecode.swift; path = NoirButton.swift; sourceTree = "<group>"; };
		AA000002000000000000010 /* NoirTextField.swift */ = {isa = PBXFileReference; lastKnownFileType = sourcecode.swift; path = NoirTextField.swift; sourceTree = "<group>"; };
		AA000002000000000000011 /* OnboardingFlow.swift */ = {isa = PBXFileReference; lastKnownFileType = sourcecode.swift; path = OnboardingFlow.swift; sourceTree = "<group>"; };
		AA000002000000000000012 /* OnboardingViewModel.swift */ = {isa = PBXFileReference; lastKnownFileType = sourcecode.swift; path = OnboardingViewModel.swift; sourceTree = "<group>"; };
		AA000002000000000000013 /* WelcomeScreen.swift */ = {isa = PBXFileReference; lastKnownFileType = sourcecode.swift; path = WelcomeScreen.swift; sourceTree = "<group>"; };
		AA000002000000000000014 /* HowItWorksScreen.swift */ = {isa = PBXFileReference; lastKnownFileType = sourcecode.swift; path = HowItWorksScreen.swift; sourceTree = "<group>"; };
		AA000002000000000000015 /* PermissionsScreen.swift */ = {isa = PBXFileReference; lastKnownFileType = sourcecode.swift; path = PermissionsScreen.swift; sourceTree = "<group>"; };
		AA000002000000000000016 /* ReadyScreen.swift */ = {isa = PBXFileReference; lastKnownFileType = sourcecode.swift; path = ReadyScreen.swift; sourceTree = "<group>"; };
		AA000002000000000000017 /* SearchBarView.swift */ = {isa = PBXFileReference; lastKnownFileType = sourcecode.swift; path = SearchBarView.swift; sourceTree = "<group>"; };
		AA000002000000000000018 /* SearchBarWindow.swift */ = {isa = PBXFileReference; lastKnownFileType = sourcecode.swift; path = SearchBarWindow.swift; sourceTree = "<group>"; };
		AA000002000000000000019 /* SearchViewModel.swift */ = {isa = PBXFileReference; lastKnownFileType = sourcecode.swift; path = SearchViewModel.swift; sourceTree = "<group>"; };
		AA00000200000000000001A /* CommandViewModel.swift */ = {isa = PBXFileReference; lastKnownFileType = sourcecode.swift; path = CommandViewModel.swift; sourceTree = "<group>"; };
		AA000002000000000000020 /* VoiceInputView.swift */ = {isa = PBXFileReference; lastKnownFileType = sourcecode.swift; path = VoiceInputView.swift; sourceTree = "<group>"; };
		AA000002000000000000021 /* SideIconView.swift */ = {isa = PBXFileReference; lastKnownFileType = sourcecode.swift; path = SideIconView.swift; sourceTree = "<group>"; };
		AA000002000000000000022 /* SideIconWindow.swift */ = {isa = PBXFileReference; lastKnownFileType = sourcecode.swift; path = SideIconWindow.swift; sourceTree = "<group>"; };
		AA000002000000000000023 /* MainPanelView.swift */ = {isa = PBXFileReference; lastKnownFileType = sourcecode.swift; path = MainPanelView.swift; sourceTree = "<group>"; };
		AA000002000000000000024 /* MainPanelWindow.swift */ = {isa = PBXFileReference; lastKnownFileType = sourcecode.swift; path = MainPanelWindow.swift; sourceTree = "<group>"; };
		AA000002000000000000025 /* ContextCard.swift */ = {isa = PBXFileReference; lastKnownFileType = sourcecode.swift; path = ContextCard.swift; sourceTree = "<group>"; };
		AA000002000000000000026 /* ActionSuggestions.swift */ = {isa = PBXFileReference; lastKnownFileType = sourcecode.swift; path = ActionSuggestions.swift; sourceTree = "<group>"; };
		AA000002000000000000027 /* ActivityLog.swift */ = {isa = PBXFileReference; lastKnownFileType = sourcecode.swift; path = ActivityLog.swift; sourceTree = "<group>"; };
		AA000002000000000000028 /* NotchView.swift */ = {isa = PBXFileReference; lastKnownFileType = sourcecode.swift; path = NotchView.swift; sourceTree = "<group>"; };
		AA000002000000000000029 /* NotchWindow.swift */ = {isa = PBXFileReference; lastKnownFileType = sourcecode.swift; path = NotchWindow.swift; sourceTree = "<group>"; };
		AA000002000000000000030 /* NotchDetector.swift */ = {isa = PBXFileReference; lastKnownFileType = sourcecode.swift; path = NotchDetector.swift; sourceTree = "<group>"; };
		AA000002000000000000031 /* NotchViewModel.swift */ = {isa = PBXFileReference; lastKnownFileType = sourcecode.swift; path = NotchViewModel.swift; sourceTree = "<group>"; };
		AA000002000000000000032 /* HotkeyManager.swift */ = {isa = PBXFileReference; lastKnownFileType = sourcecode.swift; path = HotkeyManager.swift; sourceTree = "<group>"; };
		AA000002000000000000033 /* MenuBarManager.swift */ = {isa = PBXFileReference; lastKnownFileType = sourcecode.swift; path = MenuBarManager.swift; sourceTree = "<group>"; };
		AA000002000000000000034 /* Assets.xcassets */ = {isa = PBXFileReference; lastKnownFileType = folder.assetcatalog; path = Assets.xcassets; sourceTree = "<group>"; };
		AA000002000000000000035 /* Info.plist */ = {isa = PBXFileReference; lastKnownFileType = text.plist.xml; path = Info.plist; sourceTree = "<group>"; };
		AA000002000000000000036 /* holmes.entitlements */ = {isa = PBXFileReference; lastKnownFileType = text.plist.entitlements; path = holmes.entitlements; sourceTree = "<group>"; };
		AA000002000000000000039 /* LottieView.swift */ = {isa = PBXFileReference; lastKnownFileType = sourcecode.swift; path = LottieView.swift; sourceTree = "<group>"; };
		AA000002000000000000040 /* noireye.json */ = {isa = PBXFileReference; lastKnownFileType = text.json; path = noireye.json; sourceTree = "<group>"; };
		AA000002000000000000042 /* KeychainManager.swift */ = {isa = PBXFileReference; lastKnownFileType = sourcecode.swift; path = KeychainManager.swift; sourceTree = "<group>"; };
		AA000002000000000000050 /* ScreenEngine.swift */ = {isa = PBXFileReference; lastKnownFileType = sourcecode.swift; path = ScreenEngine.swift; sourceTree = "<group>"; };
		AA000002000000000000051 /* OCREngine.swift */ = {isa = PBXFileReference; lastKnownFileType = sourcecode.swift; path = OCREngine.swift; sourceTree = "<group>"; };
		AA000002000000000000052 /* ContextEngine.swift */ = {isa = PBXFileReference; lastKnownFileType = sourcecode.swift; path = ContextEngine.swift; sourceTree = "<group>"; };
		AA000002000000000000054 /* HolmesAgent.swift */ = {isa = PBXFileReference; lastKnownFileType = sourcecode.swift; path = HolmesAgent.swift; sourceTree = "<group>"; };
		AA000002000000000000055 /* CommandBus.swift */ = {isa = PBXFileReference; lastKnownFileType = sourcecode.swift; path = CommandBus.swift; sourceTree = "<group>"; };
		AA000002000000000000059 /* BrowserBridge.swift */ = {isa = PBXFileReference; lastKnownFileType = sourcecode.swift; path = BrowserBridge.swift; sourceTree = "<group>"; };
		AA000002000000000000056 /* ActionExecutor.swift */ = {isa = PBXFileReference; lastKnownFileType = sourcecode.swift; path = ActionExecutor.swift; sourceTree = "<group>"; };
		AA000002000000000000060 /* CalendarEngine.swift */ = {isa = PBXFileReference; lastKnownFileType = sourcecode.swift; path = CalendarEngine.swift; sourceTree = "<group>"; };
		AA000002000000000000061 /* MeetingJoinEngine.swift */ = {isa = PBXFileReference; lastKnownFileType = sourcecode.swift; path = MeetingJoinEngine.swift; sourceTree = "<group>"; };
		AA000002000000000000057 /* ConfirmationView.swift */ = {isa = PBXFileReference; lastKnownFileType = sourcecode.swift; path = ConfirmationView.swift; sourceTree = "<group>"; };
		AA000002000000000000058 /* ConfirmationWindowController.swift */ = {isa = PBXFileReference; lastKnownFileType = sourcecode.swift; path = ConfirmationWindowController.swift; sourceTree = "<group>"; };
		AA000002000000000000070 /* OllamaConfig.swift */ = {isa = PBXFileReference; lastKnownFileType = sourcecode.swift; path = OllamaConfig.swift; sourceTree = "<group>"; };
		AA000002000000000000071 /* OllamaClient.swift */ = {isa = PBXFileReference; lastKnownFileType = sourcecode.swift; path = OllamaClient.swift; sourceTree = "<group>"; };
		AA000002000000000000072 /* MCPModels.swift */ = {isa = PBXFileReference; lastKnownFileType = sourcecode.swift; path = MCPModels.swift; sourceTree = "<group>"; };
		AA000002000000000000073 /* MCPClient.swift */ = {isa = PBXFileReference; lastKnownFileType = sourcecode.swift; path = MCPClient.swift; sourceTree = "<group>"; };
		AA000002000000000000074 /* HolmesBrain.swift */ = {isa = PBXFileReference; lastKnownFileType = sourcecode.swift; path = HolmesBrain.swift; sourceTree = "<group>"; };
		AA000002000000000000090 /* MemoryStore.swift */ = {isa = PBXFileReference; lastKnownFileType = sourcecode.swift; path = MemoryStore.swift; sourceTree = "<group>"; };
		AA000002000000000000075 /* MCPServer.swift */ = {isa = PBXFileReference; lastKnownFileType = sourcecode.swift; path = MCPServer.swift; sourceTree = "<group>"; };
		AA000002000000000000076 /* PlaybookModels.swift */ = {isa = PBXFileReference; lastKnownFileType = sourcecode.swift; path = PlaybookModels.swift; sourceTree = "<group>"; };
		AA000002000000000000077 /* PlaybookEngine.swift */ = {isa = PBXFileReference; lastKnownFileType = sourcecode.swift; path = PlaybookEngine.swift; sourceTree = "<group>"; };
		AA000002000000000000078 /* DefaultPlaybooks.swift */ = {isa = PBXFileReference; lastKnownFileType = sourcecode.swift; path = DefaultPlaybooks.swift; sourceTree = "<group>"; };
		AA000002000000000000096 /* PlaybookManifest.swift */ = {isa = PBXFileReference; lastKnownFileType = sourcecode.swift; path = PlaybookManifest.swift; sourceTree = "<group>"; };
		AA000002000000000000079 /* ScreenGlow.swift */ = {isa = PBXFileReference; lastKnownFileType = sourcecode.swift; path = ScreenGlow.swift; sourceTree = "<group>"; };
		AA000002000000000000080 /* TriggerBrain.swift */ = {isa = PBXFileReference; lastKnownFileType = sourcecode.swift; path = TriggerBrain.swift; sourceTree = "<group>"; };
		AA000002000000000000081 /* Autopilot.swift */ = {isa = PBXFileReference; lastKnownFileType = sourcecode.swift; path = Autopilot.swift; sourceTree = "<group>"; };
		AA000002000000000000082 /* SettingsWindow.swift */ = {isa = PBXFileReference; lastKnownFileType = sourcecode.swift; path = SettingsWindow.swift; sourceTree = "<group>"; };
		AA000002000000000000046 /* NoirCharacterView.swift */ = {isa = PBXFileReference; lastKnownFileType = sourcecode.swift; path = NoirCharacterView.swift; sourceTree = "<group>"; };
		AA000003000000000000000 /* holmes.app */ = {isa = PBXFileReference; explicitFileType = wrapper.application; includeInIndex = 0; path = holmes.app; sourceTree = BUILT_PRODUCTS_DIR; };
		AA000002000000000000091 /* LiveContext.swift */ = {isa = PBXFileReference; lastKnownFileType = sourcecode.swift; path = LiveContext.swift; sourceTree = "<group>"; };
		AA000002000000000000092 /* MemoryFeed.swift */ = {isa = PBXFileReference; lastKnownFileType = sourcecode.swift; path = MemoryFeed.swift; sourceTree = "<group>"; };
		AA000002000000000000093 /* ReplyComposer.swift */ = {isa = PBXFileReference; lastKnownFileType = sourcecode.swift; path = ReplyComposer.swift; sourceTree = "<group>"; };
		AA000002000000000000094 /* MessagesReader.swift */ = {isa = PBXFileReference; lastKnownFileType = sourcecode.swift; path = MessagesReader.swift; sourceTree = "<group>"; };
		E5B8D3C1A47F92E060314A02 /* ActionPlanner.swift */ = {isa = PBXFileReference; lastKnownFileType = sourcecode.swift; path = ActionPlanner.swift; sourceTree = "<group>"; };
		E5B8D3C1A47F92E060314A07 /* AutonomousActionRunner.swift */ = {isa = PBXFileReference; lastKnownFileType = sourcecode.swift; path = AutonomousActionRunner.swift; sourceTree = "<group>"; };
		C0DE0A0200000000000AC002 /* AutonomyPolicy.swift */ = {isa = PBXFileReference; lastKnownFileType = sourcecode.swift; path = AutonomyPolicy.swift; sourceTree = "<group>"; };
		C4B10A7E5D2F49C3B8E60002 /* BackendRouter.swift */ = {isa = PBXFileReference; lastKnownFileType = sourcecode.swift; path = BackendRouter.swift; sourceTree = "<group>"; };
		AA000002000000000000095 /* AgentMemoryCard.swift */ = {isa = PBXFileReference; lastKnownFileType = sourcecode.swift; path = AgentMemoryCard.swift; sourceTree = "<group>"; };
		7A1C0E2B4D6F8A0B1C2D3E02 /* TopicExtractor.swift */ = {isa = PBXFileReference; lastKnownFileType = sourcecode.swift; path = TopicExtractor.swift; sourceTree = "<group>"; };
		B7C4A1E20F3D48A9C6510002 /* ReplyReadyCard.swift */ = {isa = PBXFileReference; lastKnownFileType = sourcecode.swift; path = ReplyReadyCard.swift; sourceTree = "<group>"; };
		B7C4A1E20F3D48A9C6510004 /* RecallSpotlight.swift */ = {isa = PBXFileReference; lastKnownFileType = sourcecode.swift; path = RecallSpotlight.swift; sourceTree = "<group>"; };
		9E4B7D1A3C5F620814A9B002 /* IncomingMessageWatcher.swift */ = {isa = PBXFileReference; lastKnownFileType = sourcecode.swift; path = IncomingMessageWatcher.swift; sourceTree = "<group>"; };
		D1E2F3A4B5C6070819203A02 /* InputController.swift */ = {isa = PBXFileReference; lastKnownFileType = sourcecode.swift; path = InputController.swift; sourceTree = "<group>"; };
		D1E2F3A4B5C6070819203A04 /* WindowCapture.swift */ = {isa = PBXFileReference; lastKnownFileType = sourcecode.swift; path = WindowCapture.swift; sourceTree = "<group>"; };
		D1E2F3A4B5C6070819203A06 /* ComputerUseEngine.swift */ = {isa = PBXFileReference; lastKnownFileType = sourcecode.swift; path = ComputerUseEngine.swift; sourceTree = "<group>"; };
		AB70C0DE00000000000AB002 /* AutonomyGate.swift */ = {isa = PBXFileReference; lastKnownFileType = sourcecode.swift; name = AutonomyGate.swift; path = Autonomy/AutonomyGate.swift; sourceTree = "<group>"; };
		22FC20406E7D961CCC1B74E2 /* VoiceInputController.swift */ = {isa = PBXFileReference; lastKnownFileType = sourcecode.swift; path = VoiceInputController.swift; sourceTree = "<group>"; };
		F00A38CDE6D9038399F26A34 /* SpeechSynthesizer.swift */ = {isa = PBXFileReference; lastKnownFileType = sourcecode.swift; path = SpeechSynthesizer.swift; sourceTree = "<group>"; };
		02221846BC5318CA4B553864 /* VisualGuidance.swift */ = {isa = PBXFileReference; lastKnownFileType = sourcecode.swift; path = VisualGuidance.swift; sourceTree = "<group>"; };
		03249617EF7CAF916D111C59 /* ClickyController.swift */ = {isa = PBXFileReference; lastKnownFileType = sourcecode.swift; path = ClickyController.swift; sourceTree = "<group>"; };
		577967ACE2410DAC01F7A75D /* VisualGuidanceOverlay.swift */ = {isa = PBXFileReference; lastKnownFileType = sourcecode.swift; path = VisualGuidanceOverlay.swift; sourceTree = "<group>"; };
		0C11A0AA000000000000E002 /* OllamaServer.swift */ = {isa = PBXFileReference; lastKnownFileType = sourcecode.swift; path = OllamaServer.swift; sourceTree = "<group>"; };
		0C11A0AA000000000000E004 /* LocalModelSettingsView.swift */ = {isa = PBXFileReference; lastKnownFileType = sourcecode.swift; path = LocalModelSettingsView.swift; sourceTree = "<group>"; };
/* End PBXFileReference section */

/* Begin PBXFrameworksBuildPhase section */
		AA000004000000000000000 /* Frameworks */ = {
			isa = PBXFrameworksBuildPhase;
			buildActionMask = 2147483647;
			files = (
				AA000001000000000000039 /* Lottie in Frameworks */,
			);
			runOnlyForDeploymentPostprocessing = 0;
		};
/* End PBXFrameworksBuildPhase section */

/* Begin PBXGroup section */
		AA000005000000000000000 = {
			isa = PBXGroup;
			children = (
				AA000005000000000000001 /* holmes */,
				AA000002000000000000101 /* holmes-extension */,
				AA000005000000000000002 /* Products */,
			);
			sourceTree = "<group>";
		};
		AA000005000000000000001 /* holmes */ = {
			isa = PBXGroup;
			children = (
				AA000005000000000000003 /* App */,
				AA000005000000000000004 /* Design */,
				AA000005000000000000005 /* Components */,
				AA000005000000000000006 /* Views */,
				AA000005000000000000007 /* Core */,
				AA000005000000000000008 /* Resources */,
			);
			path = holmes;
			sourceTree = "<group>";
		};
		AA000005000000000000002 /* Products */ = {
			isa = PBXGroup;
			children = (
				AA000003000000000000000 /* holmes.app */,
			);
			name = Products;
			sourceTree = "<group>";
		};
		AA000005000000000000003 /* App */ = {
			isa = PBXGroup;
			children = (
				AA000002000000000000001 /* holmesApp.swift */,
				AA000002000000000000002 /* AppDelegate.swift */,
				AA000002000000000000003 /* Permissions.swift */,
			);
			path = App;
			sourceTree = "<group>";
		};
		AA000005000000000000004 /* Design */ = {
			isa = PBXGroup;
			children = (
				AA000002000000000000004 /* NoirColors.swift */,
				AA000002000000000000005 /* NoirFonts.swift */,
				AA000002000000000000006 /* AnimationCurves.swift */,
			);
			path = Design;
			sourceTree = "<group>";
		};
		AA000005000000000000005 /* Components */ = {
			isa = PBXGroup;
			children = (
				AA000002000000000000007 /* GlassCard.swift */,
				AA000002000000000000008 /* GrainOverlay.swift */,
				AA000002000000000000009 /* NoirButton.swift */,
				AA000002000000000000010 /* NoirTextField.swift */,
				AA000002000000000000039 /* LottieView.swift */,
				AA000002000000000000046 /* NoirCharacterView.swift */,
			);
			path = Components;
			sourceTree = "<group>";
		};
		AA000005000000000000006 /* Views */ = {
			isa = PBXGroup;
			children = (
				AA000005000000000000009 /* Onboarding */,
				AA000005000000000000010 /* SearchBar */,
				AA000005000000000000011 /* SideIcon */,
				AA000005000000000000012 /* MainPanel */,
				AA000005000000000000013 /* NotchAnimation */,
				AA000005000000000000020 /* Confirmation */,
				AA000005000000000000022 /* Glow */,
				AA000005000000000000023 /* Settings */,
			);
			path = Views;
			sourceTree = "<group>";
		};
		AA000005000000000000022 /* Glow */ = {
			isa = PBXGroup;
			children = (
				AA000002000000000000079 /* ScreenGlow.swift */,
				577967ACE2410DAC01F7A75D /* VisualGuidanceOverlay.swift */,
			);
			path = Glow;
			sourceTree = "<group>";
		};
		AA000005000000000000020 /* Confirmation */ = {
			isa = PBXGroup;
			children = (
				AA000002000000000000057 /* ConfirmationView.swift */,
				AA000002000000000000058 /* ConfirmationWindowController.swift */,
				B7C4A1E20F3D48A9C6510002 /* ReplyReadyCard.swift */,
			);
			path = Confirmation;
			sourceTree = "<group>";
		};
		AA000005000000000000023 /* Settings */ = {
			isa = PBXGroup;
			children = (
				AA000002000000000000082 /* SettingsWindow.swift */,
				0C11A0AA000000000000E004 /* LocalModelSettingsView.swift */,
			);
			path = Settings;
			sourceTree = "<group>";
		};
		AA000005000000000000030 /* Setup */ = {
			isa = PBXGroup;
			children = (
				AA000002000000000000097 /* ExtensionInstaller.swift */,
				AA000002000000000000098 /* MCPConfigWriter.swift */,
			);
			path = Setup;
			sourceTree = "<group>";
		};
		AA000005000000000000007 /* Core */ = {
			isa = PBXGroup;
			children = (
				AA000002000000000000108 /* WorkActivity.swift */,
				AA000002000000000000109 /* EmailComposeSnapshot.swift */,
				AA000002000000000000110 /* MailComposeReader.swift */,
				AA000002000000000000111 /* EmailDraftIntent.swift */,
				AA000002000000000000112 /* EmailDrafting.swift */,
				AA000002000000000000113 /* EmailDraftCoordinator.swift */,
				AA000002000000000000114 /* ActionRunEvidence.swift */,
				B7A500020000000000000001 /* ComputerUseRunRegistry.swift */,
				AA000002000000000000105 /* GuidedDemo.swift */,
				AA000005000000000000030 /* Setup */,
				AA000002000000000000103 /* AppLauncher.swift */,
				AA000002000000000000104 /* AppLaunchIntent.swift */,
				AA000002000000000000032 /* HotkeyManager.swift */,
				AA000002000000000000033 /* MenuBarManager.swift */,
				AA000002000000000000042 /* KeychainManager.swift */,
				AA000002000000000000050 /* ScreenEngine.swift */,
				AA000002000000000000051 /* OCREngine.swift */,
				AA000002000000000000052 /* ContextEngine.swift */,
				AA000002000000000000054 /* HolmesAgent.swift */,
				AA000002000000000000055 /* CommandBus.swift */,
				AA000002000000000000059 /* BrowserBridge.swift */,
				AA000002000000000000056 /* ActionExecutor.swift */,
				AA000002000000000000060 /* CalendarEngine.swift */,
				AA000002000000000000061 /* MeetingJoinEngine.swift */,
				AA000002000000000000070 /* OllamaConfig.swift */,
				AA000002000000000000071 /* OllamaClient.swift */,
				0C11A0AA000000000000E002 /* OllamaServer.swift */,
				AA000002000000000000072 /* MCPModels.swift */,
				AA000002000000000000073 /* MCPClient.swift */,
				AA000002000000000000074 /* HolmesBrain.swift */,
				AA000002000000000000090 /* MemoryStore.swift */,
				AA000002000000000000075 /* MCPServer.swift */,
				AA000005000000000000021 /* Playbooks */,
				E5B8D3C1A47F92E060314A03 /* Autonomy */,
				AA000002000000000000091 /* LiveContext.swift */,
				AA000002000000000000092 /* MemoryFeed.swift */,
				AA000002000000000000093 /* ReplyComposer.swift */,
				AA000002000000000000094 /* MessagesReader.swift */,
				7A1C0E2B4D6F8A0B1C2D3E02 /* TopicExtractor.swift */,
				B7C4A1E20F3D48A9C6510004 /* RecallSpotlight.swift */,
				9E4B7D1A3C5F620814A9B002 /* IncomingMessageWatcher.swift */,
				D1E2F3A4B5C6070819203A02 /* InputController.swift */,
				D1E2F3A4B5C6070819203A04 /* WindowCapture.swift */,
				D1E2F3A4B5C6070819203A06 /* ComputerUseEngine.swift */,
				AB70C0DE00000000000AB002 /* AutonomyGate.swift */,
				22FC20406E7D961CCC1B74E2 /* VoiceInputController.swift */,
				F00A38CDE6D9038399F26A34 /* SpeechSynthesizer.swift */,
				02221846BC5318CA4B553864 /* VisualGuidance.swift */,
				03249617EF7CAF916D111C59 /* ClickyController.swift */,
			);
			path = Core;
			sourceTree = "<group>";
		};
		AA000005000000000000021 /* Playbooks */ = {
			isa = PBXGroup;
			children = (
				AA000002000000000000076 /* PlaybookModels.swift */,
				AA000002000000000000077 /* PlaybookEngine.swift */,
				AA000002000000000000078 /* DefaultPlaybooks.swift */,
				AA000002000000000000096 /* PlaybookManifest.swift */,
				AA000002000000000000080 /* TriggerBrain.swift */,
				AA000002000000000000081 /* Autopilot.swift */,
			);
			path = Playbooks;
			sourceTree = "<group>";
		};
		E5B8D3C1A47F92E060314A03 /* Autonomy */ = {
			isa = PBXGroup;
			children = (
				C0DE0A0200000000000AC002 /* AutonomyPolicy.swift */,
				E5B8D3C1A47F92E060314A02 /* ActionPlanner.swift */,
				C4B10A7E5D2F49C3B8E60002 /* BackendRouter.swift */,
				E5B8D3C1A47F92E060314A07 /* AutonomousActionRunner.swift */,
			);
			path = Autonomy;
			sourceTree = "<group>";
		};
		AA000005000000000000008 /* Resources */ = {
			isa = PBXGroup;
			children = (
				AA000002000000000000102 /* Fonts */,
				AA000002000000000000034 /* Assets.xcassets */,
				AA000002000000000000035 /* Info.plist */,
				AA000002000000000000036 /* holmes.entitlements */,
				AA000002000000000000040 /* noireye.json */,
				B7A500020000000000000F02 /* holmes-launch-intro.mov */,
			);
			path = Resources;
			sourceTree = "<group>";
		};
		AA000005000000000000009 /* Onboarding */ = {
			isa = PBXGroup;
			children = (
				AA000002000000000000107 /* GuidedDemoWindow.swift */,
				B7A500020000000000000F01 /* LaunchIntroView.swift */,
				AA000002000000000000106 /* GuidedDemoView.swift */,
				AA000002000000000000011 /* OnboardingFlow.swift */,
				AA000002000000000000012 /* OnboardingViewModel.swift */,
				AA000002000000000000013 /* WelcomeScreen.swift */,
				AA000002000000000000014 /* HowItWorksScreen.swift */,
				AA000002000000000000015 /* PermissionsScreen.swift */,
				AA000002000000000000016 /* ReadyScreen.swift */,
				AA000002000000000000099 /* BrowserExtensionScreen.swift */,
				AA000002000000000000100 /* IntegrationsScreen.swift */,
			);
			path = Onboarding;
			sourceTree = "<group>";
		};
		AA000005000000000000010 /* SearchBar */ = {
			isa = PBXGroup;
			children = (
				AA000002000000000000017 /* SearchBarView.swift */,
				AA000002000000000000018 /* SearchBarWindow.swift */,
				AA000002000000000000019 /* SearchViewModel.swift */,
				AA00000200000000000001A /* CommandViewModel.swift */,
				AA000002000000000000020 /* VoiceInputView.swift */,
			);
			path = SearchBar;
			sourceTree = "<group>";
		};
		AA000005000000000000011 /* SideIcon */ = {
			isa = PBXGroup;
			children = (
				AA000002000000000000021 /* SideIconView.swift */,
				AA000002000000000000022 /* SideIconWindow.swift */,
			);
			path = SideIcon;
			sourceTree = "<group>";
		};
		AA000005000000000000012 /* MainPanel */ = {
			isa = PBXGroup;
			children = (
				AA000002000000000000023 /* MainPanelView.swift */,
				AA000002000000000000024 /* MainPanelWindow.swift */,
				AA000002000000000000025 /* ContextCard.swift */,
				AA000002000000000000026 /* ActionSuggestions.swift */,
				AA000002000000000000027 /* ActivityLog.swift */,
				AA000002000000000000095 /* AgentMemoryCard.swift */,
			);
			path = MainPanel;
			sourceTree = "<group>";
		};
		AA000005000000000000013 /* NotchAnimation */ = {
			isa = PBXGroup;
			children = (
				AA000002000000000000028 /* NotchView.swift */,
				AA000002000000000000029 /* NotchWindow.swift */,
				AA000002000000000000030 /* NotchDetector.swift */,
				AA000002000000000000031 /* NotchViewModel.swift */,
			);
			path = NotchAnimation;
			sourceTree = "<group>";
		};
/* End PBXGroup section */

/* Begin PBXNativeTarget section */
		AA000006000000000000000 /* holmes */ = {
			isa = PBXNativeTarget;
			buildConfigurationList = AA000007000000000000002 /* Build configuration list for PBXNativeTarget "holmes" */;
			buildPhases = (
				AA000006000000000000001 /* Sources */,
				AA000004000000000000000 /* Frameworks */,
				AA000006000000000000002 /* Resources */,
			);
			buildRules = (
			);
			dependencies = (
			);
			name = holmes;
			packageProductDependencies = (
				AA00000A000000000000001 /* Lottie */,
			);
			productName = holmes;
			productReference = AA000003000000000000000 /* holmes.app */;
			productType = "com.apple.product-type.application";
		};
/* End PBXNativeTarget section */

/* Begin PBXProject section */
		AA000008000000000000000 /* Project object */ = {
			isa = PBXProject;
			attributes = {
				BuildIndependentTargetsInParallel = 1;
				LastSwiftUpdateCheck = 1500;
				LastUpgradeCheck = 1540;
				TargetAttributes = {
					AA000006000000000000000 = {
						CreatedOnToolsVersion = 15.0;
					};
				};
			};
			buildConfigurationList = AA000007000000000000001 /* Build configuration list for PBXProject "holmes" */;
			compatibilityVersion = "Xcode 14.0";
			developmentRegion = en;
			hasScannedForEncodings = 0;
			knownRegions = (
				en,
				Base,
			);
			mainGroup = AA000005000000000000000;
			packageReferences = (
				AA00000B000000000000001 /* XCRemoteSwiftPackageReference "lottie-ios" */,
			);
			productRefGroup = AA000005000000000000002 /* Products */;
			projectDirPath = "";
			projectRoot = "";
			targets = (
				AA000006000000000000000 /* holmes */,
			);
		};
/* End PBXProject section */

/* Begin PBXResourcesBuildPhase section */
		AA000006000000000000002 /* Resources */ = {
			isa = PBXResourcesBuildPhase;
			buildActionMask = 2147483647;
			files = (
				AA000001000000000000034 /* Assets.xcassets in Resources */,
				AA000001000000000000038 /* noireye.json in Resources */,
				B7A500010000000000000F02 /* holmes-launch-intro.mov in Resources */,
				AA000001000000000000101 /* holmes-extension in Resources */,
				AA000001000000000000102 /* Fonts in Resources */,
			);
			runOnlyForDeploymentPostprocessing = 0;
		};
/* End PBXResourcesBuildPhase section */

/* Begin PBXSourcesBuildPhase section */
		AA000006000000000000001 /* Sources */ = {
			isa = PBXSourcesBuildPhase;
			buildActionMask = 2147483647;
			files = (
				AA000001000000000000107 /* GuidedDemoWindow.swift in Sources */,
				B7A500010000000000000F01 /* LaunchIntroView.swift in Sources */,
				AA000001000000000000106 /* GuidedDemoView.swift in Sources */,
				AA000001000000000000108 /* WorkActivity.swift in Sources */,
				AA000001000000000000109 /* EmailComposeSnapshot.swift in Sources */,
				AA000001000000000000110 /* MailComposeReader.swift in Sources */,
				AA000001000000000000111 /* EmailDraftIntent.swift in Sources */,
				AA000001000000000000112 /* EmailDrafting.swift in Sources */,
				AA000001000000000000113 /* EmailDraftCoordinator.swift in Sources */,
				AA000001000000000000114 /* ActionRunEvidence.swift in Sources */,
				B7A500010000000000000001 /* ComputerUseRunRegistry.swift in Sources */,
				AA000001000000000000105 /* GuidedDemo.swift in Sources */,
				AA000001000000000000001 /* holmesApp.swift in Sources */,
				AA000001000000000000097 /* ExtensionInstaller.swift in Sources */,
				AA000001000000000000098 /* MCPConfigWriter.swift in Sources */,
				AA000001000000000000099 /* BrowserExtensionScreen.swift in Sources */,
				AA000001000000000000100 /* IntegrationsScreen.swift in Sources */,
				AA000001000000000000002 /* AppDelegate.swift in Sources */,
				AA000001000000000000003 /* Permissions.swift in Sources */,
				AA000001000000000000004 /* NoirColors.swift in Sources */,
				AA000001000000000000005 /* NoirFonts.swift in Sources */,
				AA000001000000000000006 /* AnimationCurves.swift in Sources */,
				AA000001000000000000007 /* GlassCard.swift in Sources */,
				AA000001000000000000008 /* GrainOverlay.swift in Sources */,
				AA000001000000000000009 /* NoirButton.swift in Sources */,
				AA000001000000000000010 /* NoirTextField.swift in Sources */,
				AA000001000000000000011 /* OnboardingFlow.swift in Sources */,
				AA000001000000000000012 /* OnboardingViewModel.swift in Sources */,
				AA000001000000000000013 /* WelcomeScreen.swift in Sources */,
				AA000001000000000000014 /* HowItWorksScreen.swift in Sources */,
				AA000001000000000000015 /* PermissionsScreen.swift in Sources */,
				AA000001000000000000016 /* ReadyScreen.swift in Sources */,
				AA000001000000000000017 /* SearchBarView.swift in Sources */,
				AA000001000000000000018 /* SearchBarWindow.swift in Sources */,
				AA000001000000000000019 /* SearchViewModel.swift in Sources */,
				AA00000100000000000001A /* CommandViewModel.swift in Sources */,
				AA000001000000000000020 /* VoiceInputView.swift in Sources */,
				AA000001000000000000021 /* SideIconView.swift in Sources */,
				AA000001000000000000022 /* SideIconWindow.swift in Sources */,
				AA000001000000000000023 /* MainPanelView.swift in Sources */,
				AA000001000000000000024 /* MainPanelWindow.swift in Sources */,
				AA000001000000000000025 /* ContextCard.swift in Sources */,
				AA000001000000000000026 /* ActionSuggestions.swift in Sources */,
				AA000001000000000000027 /* ActivityLog.swift in Sources */,
				AA000001000000000000028 /* NotchView.swift in Sources */,
				AA000001000000000000029 /* NotchWindow.swift in Sources */,
				AA000001000000000000030 /* NotchDetector.swift in Sources */,
				AA000001000000000000031 /* NotchViewModel.swift in Sources */,
				AA000001000000000000103 /* AppLauncher.swift in Sources */,
				AA000001000000000000104 /* AppLaunchIntent.swift in Sources */,
				AA000001000000000000032 /* HotkeyManager.swift in Sources */,
				AA000001000000000000033 /* MenuBarManager.swift in Sources */,
				AA000001000000000000037 /* LottieView.swift in Sources */,
				AA000001000000000000042 /* KeychainManager.swift in Sources */,
				AA000001000000000000046 /* NoirCharacterView.swift in Sources */,
				AA000001000000000000050 /* ScreenEngine.swift in Sources */,
				AA000001000000000000051 /* OCREngine.swift in Sources */,
				AA000001000000000000052 /* ContextEngine.swift in Sources */,
				AA000001000000000000054 /* HolmesAgent.swift in Sources */,
				AA000001000000000000055 /* CommandBus.swift in Sources */,
				AA000001000000000000059 /* BrowserBridge.swift in Sources */,
				AA000001000000000000056 /* ActionExecutor.swift in Sources */,
				AA000001000000000000057 /* ConfirmationView.swift in Sources */,
				AA000001000000000000058 /* ConfirmationWindowController.swift in Sources */,
				AA000001000000000000060 /* CalendarEngine.swift in Sources */,
				AA000001000000000000061 /* MeetingJoinEngine.swift in Sources */,
				AA000001000000000000070 /* OllamaConfig.swift in Sources */,
				AA000001000000000000071 /* OllamaClient.swift in Sources */,
				0C11A0AA000000000000E001 /* OllamaServer.swift in Sources */,
				AA000001000000000000072 /* MCPModels.swift in Sources */,
				AA000001000000000000073 /* MCPClient.swift in Sources */,
				AA000001000000000000074 /* HolmesBrain.swift in Sources */,
				AA000001000000000000090 /* MemoryStore.swift in Sources */,
				AA000001000000000000075 /* MCPServer.swift in Sources */,
				AA000001000000000000076 /* PlaybookModels.swift in Sources */,
				AA000001000000000000077 /* PlaybookEngine.swift in Sources */,
				AA000001000000000000078 /* DefaultPlaybooks.swift in Sources */,
				AA000001000000000000096 /* PlaybookManifest.swift in Sources */,
				AA000001000000000000079 /* ScreenGlow.swift in Sources */,
				AA000001000000000000080 /* TriggerBrain.swift in Sources */,
				AA000001000000000000081 /* Autopilot.swift in Sources */,
				AA000001000000000000082 /* SettingsWindow.swift in Sources */,
				0C11A0AA000000000000E003 /* LocalModelSettingsView.swift in Sources */,
				AA000001000000000000091 /* LiveContext.swift in Sources */,
				AA000001000000000000092 /* MemoryFeed.swift in Sources */,
				AA000001000000000000093 /* ReplyComposer.swift in Sources */,
				AA000001000000000000094 /* MessagesReader.swift in Sources */,
				7A1C0E2B4D6F8A0B1C2D3E01 /* TopicExtractor.swift in Sources */,
				AA000001000000000000095 /* AgentMemoryCard.swift in Sources */,
				B7C4A1E20F3D48A9C6510001 /* ReplyReadyCard.swift in Sources */,
				B7C4A1E20F3D48A9C6510003 /* RecallSpotlight.swift in Sources */,
				9E4B7D1A3C5F620814A9B001 /* IncomingMessageWatcher.swift in Sources */,
				D1E2F3A4B5C6070819203A01 /* InputController.swift in Sources */,
				D1E2F3A4B5C6070819203A03 /* WindowCapture.swift in Sources */,
				D1E2F3A4B5C6070819203A05 /* ComputerUseEngine.swift in Sources */,
				AB70C0DE00000000000AB001 /* AutonomyGate.swift in Sources */,
				F624BB3FBB5DE251837120A6 /* VoiceInputController.swift in Sources */,
				6F81326AD8F268C4DF49B1BC /* SpeechSynthesizer.swift in Sources */,
				C02CD9D6E3F027A6503CA53B /* VisualGuidance.swift in Sources */,
				BA002EEEBDA29969D80E5483 /* ClickyController.swift in Sources */,
				4D553EF1410B6B87E1E2DBA6 /* VisualGuidanceOverlay.swift in Sources */,
				E5B8D3C1A47F92E060314A01 /* ActionPlanner.swift in Sources */,
				E5B8D3C1A47F92E060314A06 /* AutonomousActionRunner.swift in Sources */,
				C0DE0A0100000000000AC001 /* AutonomyPolicy.swift in Sources */,
				C4B10A7E5D2F49C3B8E60001 /* BackendRouter.swift in Sources */,
			);
			runOnlyForDeploymentPostprocessing = 0;
		};
/* End PBXSourcesBuildPhase section */

/* Begin XCBuildConfiguration section */
		AA000009000000000000001 /* Debug */ = {
			isa = XCBuildConfiguration;
			buildSettings = {
				ALWAYS_SEARCH_USER_PATHS = NO;
				ASSETCATALOG_COMPILER_GENERATE_SWIFT_ASSET_SYMBOL_EXTENSIONS = YES;
				CLANG_ANALYZER_NONNULL = YES;
				CLANG_ANALYZER_NUMBER_OBJECT_CONVERSION = YES_AGGRESSIVE;
				CLANG_CXX_LANGUAGE_STANDARD = "gnu++20";
				CLANG_ENABLE_MODULES = YES;
				CLANG_ENABLE_OBJC_ARC = YES;
				CLANG_ENABLE_OBJC_WEAK = YES;
				CLANG_WARN_BLOCK_CAPTURE_AUTORELEASING = YES;
				CLANG_WARN_BOOL_CONVERSION = YES;
				CLANG_WARN_COMMA = YES;
				CLANG_WARN_CONSTANT_CONVERSION = YES;
				CLANG_WARN_DEPRECATED_OBJC_IMPLEMENTATIONS = YES;
				CLANG_WARN_DIRECT_OBJC_ISA_USAGE = YES_ERROR;
				CLANG_WARN_DOCUMENTATION_COMMENTS = YES;
				CLANG_WARN_EMPTY_BODY = YES;
				CLANG_WARN_ENUM_CONVERSION = YES;
				CLANG_WARN_INFINITE_RECURSION = YES;
				CLANG_WARN_INT_CONVERSION = YES;
				CLANG_WARN_NON_LITERAL_NULL_CONVERSION = YES;
				CLANG_WARN_OBJC_IMPLICIT_RETAIN_SELF = YES;
				CLANG_WARN_OBJC_LITERAL_CONVERSION = YES;
				CLANG_WARN_OBJC_ROOT_CLASS = YES_ERROR;
				CLANG_WARN_QUOTED_INCLUDE_IN_FRAMEWORK_HEADER = YES;
				CLANG_WARN_RANGE_LOOP_ANALYSIS = YES;
				CLANG_WARN_STRICT_PROTOTYPES = YES;
				CLANG_WARN_SUSPICIOUS_MOVE = YES;
				CLANG_WARN_UNGUARDED_AVAILABILITY = YES_AGGRESSIVE;
				CLANG_WARN_UNREACHABLE_CODE = YES;
				CLANG_WARN__DUPLICATE_METHOD_MATCH = YES;
				COPY_PHASE_STRIP = NO;
				DEAD_CODE_STRIPPING = YES;
				DEBUG_INFORMATION_FORMAT = dwarf;
				ENABLE_STRICT_OBJC_MSGSEND = YES;
				ENABLE_TESTABILITY = YES;
				ENABLE_USER_SCRIPT_SANDBOXING = YES;
				GCC_C_LANGUAGE_STANDARD = gnu17;
				GCC_DYNAMIC_NO_PIC = NO;
				GCC_NO_COMMON_BLOCKS = YES;
				GCC_OPTIMIZATION_LEVEL = 0;
				GCC_PREPROCESSOR_DEFINITIONS = (
					"DEBUG=1",
					"$(inherited)",
				);
				GCC_WARN_64_TO_32_BIT_CONVERSION = YES;
				GCC_WARN_ABOUT_RETURN_TYPE = YES_ERROR;
				GCC_WARN_UNDECLARED_SELECTOR = YES;
				GCC_WARN_UNINITIALIZED_AUTOS = YES_AGGRESSIVE;
				GCC_WARN_UNUSED_FUNCTION = YES;
				GCC_WARN_UNUSED_VARIABLE = YES;
				LOCALIZATION_PREFERS_STRING_CATALOGS = YES;
				MACOSX_DEPLOYMENT_TARGET = 14.0;
				MTL_ENABLE_DEBUG_INFO = INCLUDE_SOURCE;
				MTL_FAST_MATH = YES;
				ONLY_ACTIVE_ARCH = YES;
				SDKROOT = macosx;
				SWIFT_ACTIVE_COMPILATION_CONDITIONS = "DEBUG $(inherited)";
				SWIFT_OPTIMIZATION_LEVEL = "-Onone";
			};
			name = Debug;
		};
		AA000009000000000000002 /* Release */ = {
			isa = XCBuildConfiguration;
			buildSettings = {
				ALWAYS_SEARCH_USER_PATHS = NO;
				ASSETCATALOG_COMPILER_GENERATE_SWIFT_ASSET_SYMBOL_EXTENSIONS = YES;
				CLANG_ANALYZER_NONNULL = YES;
				CLANG_ANALYZER_NUMBER_OBJECT_CONVERSION = YES_AGGRESSIVE;
				CLANG_CXX_LANGUAGE_STANDARD = "gnu++20";
				CLANG_ENABLE_MODULES = YES;
				CLANG_ENABLE_OBJC_ARC = YES;
				CLANG_ENABLE_OBJC_WEAK = YES;
				CLANG_WARN_BLOCK_CAPTURE_AUTORELEASING = YES;
				CLANG_WARN_BOOL_CONVERSION = YES;
				CLANG_WARN_COMMA = YES;
				CLANG_WARN_CONSTANT_CONVERSION = YES;
				CLANG_WARN_DEPRECATED_OBJC_IMPLEMENTATIONS = YES;
				CLANG_WARN_DIRECT_OBJC_ISA_USAGE = YES_ERROR;
				CLANG_WARN_DOCUMENTATION_COMMENTS = YES;
				CLANG_WARN_EMPTY_BODY = YES;
				CLANG_WARN_ENUM_CONVERSION = YES;
				CLANG_WARN_INFINITE_RECURSION = YES;
				CLANG_WARN_INT_CONVERSION = YES;
				CLANG_WARN_NON_LITERAL_NULL_CONVERSION = YES;
				CLANG_WARN_OBJC_IMPLICIT_RETAIN_SELF = YES;
				CLANG_WARN_OBJC_LITERAL_CONVERSION = YES;
				CLANG_WARN_OBJC_ROOT_CLASS = YES_ERROR;
				CLANG_WARN_QUOTED_INCLUDE_IN_FRAMEWORK_HEADER = YES;
				CLANG_WARN_RANGE_LOOP_ANALYSIS = YES;
				CLANG_WARN_STRICT_PROTOTYPES = YES;
				CLANG_WARN_SUSPICIOUS_MOVE = YES;
				CLANG_WARN_UNGUARDED_AVAILABILITY = YES_AGGRESSIVE;
				CLANG_WARN_UNREACHABLE_CODE = YES;
				CLANG_WARN__DUPLICATE_METHOD_MATCH = YES;
				COPY_PHASE_STRIP = NO;
				DEAD_CODE_STRIPPING = YES;
				DEBUG_INFORMATION_FORMAT = "dwarf-with-dsym";
				ENABLE_NS_ASSERTIONS = NO;
				ENABLE_STRICT_OBJC_MSGSEND = YES;
				ENABLE_USER_SCRIPT_SANDBOXING = YES;
				GCC_C_LANGUAGE_STANDARD = gnu17;
				GCC_NO_COMMON_BLOCKS = YES;
				GCC_WARN_64_TO_32_BIT_CONVERSION = YES;
				GCC_WARN_ABOUT_RETURN_TYPE = YES_ERROR;
				GCC_WARN_UNDECLARED_SELECTOR = YES;
				GCC_WARN_UNINITIALIZED_AUTOS = YES_AGGRESSIVE;
				GCC_WARN_UNUSED_FUNCTION = YES;
				GCC_WARN_UNUSED_VARIABLE = YES;
				LOCALIZATION_PREFERS_STRING_CATALOGS = YES;
				MACOSX_DEPLOYMENT_TARGET = 14.0;
				MTL_ENABLE_DEBUG_INFO = NO;
				MTL_FAST_MATH = YES;
				SDKROOT = macosx;
				SWIFT_COMPILATION_MODE = wholemodule;
			};
			name = Release;
		};
		AA000009000000000000003 /* Debug */ = {
			isa = XCBuildConfiguration;
			buildSettings = {
				ASSETCATALOG_COMPILER_APPICON_NAME = AppIcon;
				ASSETCATALOG_COMPILER_GLOBAL_ACCENT_COLOR_NAME = AccentColor;
				CODE_SIGN_ENTITLEMENTS = holmes/Resources/holmes.entitlements;
				CODE_SIGN_STYLE = Automatic;
				COMBINE_HIDPI_IMAGES = YES;
				CURRENT_PROJECT_VERSION = 3;
				DEAD_CODE_STRIPPING = YES;
				DEVELOPMENT_TEAM = 42NF88Y25Y;
				ENABLE_HARDENED_RUNTIME = YES;
				GENERATE_INFOPLIST_FILE = YES;
				INFOPLIST_FILE = holmes/Resources/Info.plist;
				INFOPLIST_KEY_LSApplicationCategoryType = "public.app-category.productivity";
				INFOPLIST_KEY_LSUIElement = YES;
				INFOPLIST_KEY_NSHumanReadableCopyright = "";
				LD_RUNPATH_SEARCH_PATHS = (
					"$(inherited)",
					"@executable_path/../Frameworks",
				);
				MARKETING_VERSION = 0.1.2;
				PRODUCT_BUNDLE_IDENTIFIER = com.zeroprompt.holmes.local;
				PRODUCT_NAME = "$(TARGET_NAME)";
				SWIFT_EMIT_LOC_STRINGS = YES;
				SWIFT_VERSION = 5.0;
			};
			name = Debug;
		};
		AA000009000000000000004 /* Release */ = {
			isa = XCBuildConfiguration;
			buildSettings = {
				ASSETCATALOG_COMPILER_APPICON_NAME = AppIcon;
				ASSETCATALOG_COMPILER_GLOBAL_ACCENT_COLOR_NAME = AccentColor;
				CODE_SIGN_ENTITLEMENTS = holmes/Resources/holmes.entitlements;
				CODE_SIGN_STYLE = Automatic;
				COMBINE_HIDPI_IMAGES = YES;
				CURRENT_PROJECT_VERSION = 3;
				DEAD_CODE_STRIPPING = YES;
				DEVELOPMENT_TEAM = 42NF88Y25Y;
				ENABLE_HARDENED_RUNTIME = YES;
				GENERATE_INFOPLIST_FILE = YES;
				INFOPLIST_FILE = holmes/Resources/Info.plist;
				INFOPLIST_KEY_LSApplicationCategoryType = "public.app-category.productivity";
				INFOPLIST_KEY_LSUIElement = YES;
				INFOPLIST_KEY_NSHumanReadableCopyright = "";
				LD_RUNPATH_SEARCH_PATHS = (
					"$(inherited)",
					"@executable_path/../Frameworks",
				);
				MARKETING_VERSION = 0.1.2;
				PRODUCT_BUNDLE_IDENTIFIER = com.zeroprompt.holmes.local;
				PRODUCT_NAME = "$(TARGET_NAME)";
				SWIFT_EMIT_LOC_STRINGS = YES;
				SWIFT_VERSION = 5.0;
			};
			name = Release;
		};
/* End XCBuildConfiguration section */

/* Begin XCConfigurationList section */
		AA000007000000000000001 /* Build configuration list for PBXProject "holmes" */ = {
			isa = XCConfigurationList;
			buildConfigurations = (
				AA000009000000000000001 /* Debug */,
				AA000009000000000000002 /* Release */,
			);
			defaultConfigurationIsVisible = 0;
			defaultConfigurationName = Release;
		};
		AA000007000000000000002 /* Build configuration list for PBXNativeTarget "holmes" */ = {
			isa = XCConfigurationList;
			buildConfigurations = (
				AA000009000000000000003 /* Debug */,
				AA000009000000000000004 /* Release */,
			);
			defaultConfigurationIsVisible = 0;
			defaultConfigurationName = Release;
		};
/* End XCConfigurationList section */

/* Begin XCRemoteSwiftPackageReference section */
		AA00000B000000000000001 /* XCRemoteSwiftPackageReference "lottie-ios" */ = {
			isa = XCRemoteSwiftPackageReference;
			repositoryURL = "https://github.com/airbnb/lottie-ios.git";
			requirement = {
				kind = upToNextMajorVersion;
				minimumVersion = 4.4.0;
			};
		};
/* End XCRemoteSwiftPackageReference section */

/* Begin XCSwiftPackageProductDependency section */
		AA00000A000000000000001 /* Lottie */ = {
			isa = XCSwiftPackageProductDependency;
			package = AA00000B000000000000001 /* XCRemoteSwiftPackageReference "lottie-ios" */;
			productName = Lottie;
		};
/* End XCSwiftPackageProductDependency section */
	};
	rootObject = AA000008000000000000000 /* Project object */;
}
